{
  "name": "smarttrack-test",
  "version": "0.0.0",
  "lockfileVersion": 3,
  "requires": true,
  "packages": {
    "": {
      "name": "smarttrack-test",
      "version": "0.0.0",
      "private": true,
      "dependencies": {
        "jszip": "^3.10.1",
        "react": "^18.2.0",
        "react-dom": "^18.2.0",
        "react-router-dom": "^6.23.0",
        "recharts": "^2.12.7"
      },
      "devDependencies": {
        "@types/node": "^20.12.8",
        "@types/react": "^18.2.66",
        "@types/react-dom": "^18.2.22",
        "@vitejs/plugin-react": "^4.2.1",
        "typescript": "^5.2.2",
        "vite": "^5.2.0"
      }
    },
    "node_modules/@babel/runtime": {
      "version": "7.24.7",
      "resolved": "https://registry.npmjs.org/@babel/runtime/-/runtime-7.24.7.tgz",
      "integrity": "sha512-U22lKVH+57I9+fEU5Fk79p0d84L+iG3B1iV9i53Kgt25LzG2gEfk2hNs38dEXDuCv5s6xW2LADoADW9KJoSCAw==",
      "dependencies": {
        "regenerator-runtime": "^0.14.0"
      },
      "engines": {
        "node": ">=6.9.0"
      }
    },
    "node_modules/@remix-run/router": {
      "version": "1.15.3",
      "resolved": "https://registry.npmjs.org/@remix-run/router/-/router-1.15.3.tgz",
      "integrity": "sha512-0N2mHjM2W6j2b5h2i+t2e3ItqOdgaO3uOSvA4f/p75xLqic5K1i/sP0V1m2UAnrM3l5z4i24gWffhG/X0zJ2gA==",
      "engines": {
        "node": ">=14.0.0"
      }
    },
    "node_modules/@types/node": {
      "version": "20.12.8",
      "resolved": "https://registry.npmjs.org/@types/node/-/node-20.12.8.tgz",
      "integrity": "sha512-NU0r45DRRa6O84I9+v6oG9L2G2z3safue1H5Iu2lJSO1d5v2i35DKfN2a0kSumL7na4Q1zb6K1/bYvV5tYmRRQ==",
      "dev": true,
      "dependencies": {
        "undici-types": "~5.26.4"
      }
    },
    "node_modules/@types/prop-types": {
      "version": "15.7.12",
      "resolved": "https://registry.npmjs.org/@types/prop-types/-/prop-types-15.7.12.tgz",
      "integrity": "sha512-5zvhFCh9dDcpZi+ECAf+sESQkvscKa17FPAmD9K25IePggv+p2o2c87UWg3vbab3n3sT/oZpTmyMsGcQWyB//g=="
    },
    "node_modules/@types/react": {
      "version": "18.2.66",
      "resolved": "https://registry.npmjs.org/@types/react/-/react-18.2.66.tgz",
      "integrity": "sha512-M2yF22y7KAlTOiAXQDwmA9u2KCrQpD3gS9ZbM7Wp1gqfG+XnBl15y2T4hT4lR1b4zWQO0oB23mCg/v7w0yHZA==",
      "dev": true,
      "dependencies": {
        "@types/prop-types": "*",
        "csstype": "^3.0.2"
      }
    },
    "node_modules/@types/react-dom": {
      "version": "18.2.22",
      "resolved": "https://registry.npmjs.org/@types/react-dom/-/react-dom-18.2.22.tgz",
      "integrity": "sha512-Y35AIitV3yRhrZ2pM2ePCpTEzL++Vj1Oq6+tK9W96eODlC2O4dD4yVPL+sC5fG1fBvM0T7kYy2h4g+25vfs0w==",
      "dev": true,
      "dependencies": {
        "@types/react": "*"
      }
    },
    "node_modules/@vitejs/plugin-react": {
      "version": "4.2.1",
      "resolved": "https://registry.npmjs.org/@vitejs/plugin-react/-/plugin-react-4.2.1.tgz",
      "integrity": "sha512-bVpbCg0k2v2e5uA5acS_eQ2d2y42M2vftPZ9mYqL5g/ohtzP+OqfQJv3K2XFpSvoP+a+wGaq7K3hG1tK6Xkug==",
      "dev": true,
      "dependencies": {
        "@babel/core": "^7.23.6",
        "@babel/plugin-transform-react-jsx-self": "^7.22.5",
        "@babel/plugin-transform-react-jsx-source": "^7.22.5",
        "react-refresh": "^0.14.0"
      },
      "peerDependencies": {
        "react": ">=16.8",
        "vite": "^4.0.0 || ^5.0.0"
      }
    },
    "node_modules/csstype": {
      "version": "3.1.3",
      "resolved": "https://registry.npmjs.org/csstype/-/csstype-3.1.3.tgz",
      "integrity": "sha512-M1uQkMl8r3Ua4AbAqfn06DVBInYFstYmJpaOk9BQ10qS8AVd5I6kw3Jq3wFRgTX7K7a2fYlgTB432hS8s9IswA==",
      "dev": true
    },
    "node_modules/d3-array": {
      "version": "3.2.4",
      "resolved": "https://registry.npmjs.org/d3-array/-/d3-array-3.2.4.tgz",
      "integrity": "sha512-KkhtveV9rur3Gg6uYOFcSSWZXOaL6z7yT37Fp/D4FicPnORGLxgQo4gVj2OaT6lGz5N2hXGg7DAq4HR+ZA4Tig==",
      "dependencies": {
        "internmap": "2.0.3"
      }
    },
    "node_modules/d3-color": {
      "version": "3.1.0",
      "resolved": "https://registry.npmjs.org/d3-color/-/d3-color-3.1.0.tgz",
      "integrity": "sha512-9159n/u0p32OD+xJb3x4b1gXVMgHYbBCFHn/5kY3P9NwGoItd3ySSQAIQ1Rk+43nQExfD4tYp5o8mB1R0/e4IQ=="
    },
    "node_modules/d3-format": {
      "version": "3.1.0",
      "resolved": "https://registry.npmjs.org/d3-format/-/d3-format-3.1.0.tgz",
      "integrity": "sha512-vrD/33h29y/i5iH2kIaiOif3+iYjIuT5L9K1/Kx6O5L24bDbqgC8bFkPtvKjWnfK/O/s2vK/rL9yWw=="
    },
    "node_modules/d3-interpolate": {
      "version": "3.0.1",
      "resolved": "https://registry.npmjs.org/d3-interpolate/-/d3-interpolate-3.0.1.tgz",
      "integrity": "sha512-9/f1S2o9ffm/yDDUAZVAFp/0lS7a+wip9Gtkb5iV1J3SHS+bCVg222s5i2Skq3n2sDu+ZbM3L32aL43o+gWkAQ==",
      "dependencies": {
        "d3-color": "3.1.0"
      }
    },
    "node_modules/d3-path": {
      "version": "3.1.0",
      "resolved": "https://registry.npmjs.org/d3-path/-/d3-path-3.1.0.tgz",
      "integrity": "sha512-n/S8rI1xGY3SYgDAhS5f5uLpJAR+g1rNj0F9MhM3t+t4vO7pM42x2kYIAStIsiA+M7kZ4vGgPKSG0V7zaO2ncQ=="
    },
    "node_modules/d3-scale": {
      "version": "4.0.2",
      "resolved": "https://registry.npmjs.org/d3-scale/-/d3-scale-4.0.2.tgz",
      "integrity": "sha512-Y1Y/bsM3YhtAM907d+Ie2vN1m4Q1KaOHvoV4Qcbv+2uWdOQlG3V5zP/N05cF23x1QCRvP1wd/J2AxfCgB2U19A==",
      "dependencies": {
        "d3-array": "3",
        "d3-color": "3",
        "d3-format": "3",
        "d3-interpolate": "3",
        "d3-time": "3",
        "d3-time-format": "4",
        "internmap": "2"
      }
    },
    "node_modules/d3-shape": {
      "version": "3.2.0",
      "resolved": "https://registry.npmjs.org/d3-shape/-/d3-shape-3.2.0.tgz",
      "integrity": "sha512-p/lP3SSo/sA3mg/n0nJ/L86n+p7Z+tHovK0m2koPZQI3sNyU7aHk2tD/zN8Q/NL5g2pTjHyCMyH7OFsH6QjWJw==",
      "dependencies": {
        "d3-path": "3"
      }
    },
    "node_modules/d3-time": {
      "version": "3.1.0",
      "resolved": "https://registry.npmjs.org/d3-time/-/d3-time-3.1.0.tgz",
      "integrity": "sha512-tD+8bCpk/FR6TPL0gDUf+VqB0HwA/r1zBQS5dsQeDkIql4Pvs4jBnsS/oWAx8j2t4wzDxL2gV6h+gLhKHm4gUg==",
      "dependencies": {
        "internmap": "2"
      }
    },
    "node_modules/d3-time-format": {
      "version": "4.1.0",
      "resolved": "https://registry.npmjs.org/d3-time-format/-/d3-time-format-4.1.0.tgz",
      "integrity": "sha512-mDAW0/oE2oGg/gQ/z/3o2s/SGOV1erQ/JbA3D1c6Z2I8dY/WnzyB+dK7XLbJYCk/J4/JdxjW3v3/0+cLGJjUg==",
      "dependencies": {
        "d3-time": "3"
      }
    },
    "node_modules/es-module-lexer": {
      "version": "1.5.3",
      "resolved": "https://registry.npmjs.org/es-module-lexer/-/es-module-lexer-1.5.3.tgz",
      "integrity": "sha512-p3nF9I2dyk8yvJPlHDXn+1nJbNCaGFN6A4dD0t0AlP8e1fQesjokr2g4UBnQvV2inrQzLw0YHxgnfIsbgWOKLA==",
      "dev": true,
      "bin": {
        "es-module-lexer": "bin/es-module-lexer.js"
      },
      "engines": {
        "node": ">=12"
      }
    },
    "node_modules/fsevents": {
      "version": "2.3.3",
      "resolved": "https://registry.npmjs.org/fsevents/-/fsevents-2.3.3.tgz",
      "integrity": "sha512-5XPqChhtJ/QAZdphBERMtcIYGABW11ytXyrBLJTgrB/T8CLPEo3VfBwUP66Ax9uRgtB05y3qs5b6ISt5g2Y62g==",
      "dev": true,
      "hasInstallScript": true,
      "optional": true,
      "os": [
        "darwin"
      ],
      "engines": {
        "node": "^8.16.0 || ^10.6.0 || >=11.0.0"
      }
    },
    "node_modules/immediate": {
      "version": "3.0.6",
      "resolved": "https://registry.npmjs.org/immediate/-/immediate-3.0.6.tgz",
      "integrity": "sha512-Ej74A4138qCX/RhV883+R4V47t2e+j2MweBe/eMLN/G1S2/QZgBIXUe3y+YPKd/ESf/yC/erNKN1s2s+gBvI5A=="
    },
    "node_modules/internmap": {
      "version": "2.0.3",
      "resolved": "https://registry.npmjs.org/internmap/-/internmap-2.0.3.tgz",
      "integrity": "sha512-54NoJs2Mtwu0sL53E7G1Kti182Vy6DDBCo17M9sYIe+h225LBrkOP4h8q+2b1cSpHbd/244z5sJ4PCkyL+l2nA=="
    },
    "node_modules/js-tokens": {
      "version": "4.0.0",
      "resolved": "https://registry.npmjs.org/js-tokens/-/js-tokens-4.0.0.tgz",
      "integrity": "sha512-RdJUflcE3cUzKiMqQgsCu06FPu9UdIJO0beYbPhHN4k6apgJtifcoCtT9bcxOpYBtpD2kCM6Sbzg4CausW/PKQ=="
    },
    "node_modules/jszip": {
      "version": "3.10.1",
      "resolved": "https://registry.npmjs.org/jszip/-/jszip-3.10.1.tgz",
      "integrity": "sha512-xXjD5nAZIu2h26k2YWRpFPryxMv3weq2i1sBefTj+yU6N2TkrAU1iH1w+a6v/usAmFf+Iek11s1GD3cO0O7Skw==",
      "dependencies": {
        "lie": "~3.3.0",
        "pako": "~1.0.11",
        "readable-stream": "~2.3.6",
        "sax": "1.2.4"
      },
      "engines": {
        "node": ">=0.10"
      }
    },
    "node_modules/lie": {
      "version": "3.3.0",
      "resolved": "https://registry.npmjs.org/lie/-/lie-3.3.0.tgz",
      "integrity": "sha512-Ua8Fzce4XVSsegBEe2K3f1a9t2SXVybgk/tqXbsQx5A5eB4hC4l+sC5f9gUssYg8kRX1Bik8C4hI/2iVf/211Q==",
      "dependencies": {
        "immediate": "~3.0.5"
      }
    },
    "node_modules/loose-envify": {
      "version": "1.4.0",
      "resolved": "https://registry.npmjs.org/loose-envify/-/loose-envify-1.4.0.tgz",
      "integrity": "sha512-lyuxPGr/Wfhrlem2CL/UcnUc1zcqKA3S4yHYbeCiWN1szst6+8Jgr3ZzDtpgg8xpIGcbDBA81OvdIVL8scUuPg==",
      "dependencies": {
        "js-tokens": "^3.0.0 || ^4.0.0"
      },
      "bin": {
        "loose-envify": "cli.js"
      }
    },
    "node_modules/nanoid": {
      "version": "3.3.7",
      "resolved": "https://registry.npmjs.org/nanoid/-/nanoid-3.3.7.tgz",
      "integrity": "sha512-eSPc4yO2+3atubtY54I1m3oNYi+VOBQ1v22qf9Vag2s2y4MLpe4gQk9A8q95b169HCdYv5PuQeG4C2s/24IYGA==",
      "dev": true,
      "bin": {
        "nanoid": "bin/nanoid.js"
      },
      "engines": {
        "node": "^10 || ^12 || ^13.7 || ^14 || >=15.0.1"
      }
    },
    "node_modules/pako": {
      "version": "1.0.11",
      "resolved": "https://registry.npmjs.org/pako/-/pako-1.0.11.tgz",
      "integrity": "sha512-4hLB8Py4zZce5s4yd9XzopCMC+zvUZdZyw0B2goeKOuLzS9yGGHJA8JrIL2lAdtrg9acH34fanKCpdawgeAWsA=="
    },
    "node_modules/picocolors": {
      "version": "1.0.1",
      "resolved": "https://registry.npmjs.org/picocolors/-/picocolors-1.0.1.tgz",
      "integrity": "sha512-anodP0ivADub0g2eIpiWFv2Nd73N/uScLAzBCfral7k1g5sytganKaWzMencnANt+H3MMC6h2+B1f0QvT4zcsg==",
      "dev": true
    },
    "node_modules/postcss": {
      "version": "8.4.38",
      "resolved": "https://registry.npmjs.org/postcss/-/postcss-8.4.38.tgz",
      "integrity": "sha512-addJvBHFw9T+LViSO0/k8Trowt/K+dG+2uXo9l/ePj5u1Srsb1eLkw+pD4/pfY5f4FGqjQ/8D5a2jK7A4XgSgQ==",
      "dev": true,
      "dependencies": {
        "nanoid": "^3.3.7",
        "picocolors": "^1.0.0",
        "source-map-js": "^1.2.0"
      },
      "engines": {
        "node": "^12.0 || ^14.0 || >=16.0"
      },
      "funding": {
        "type": "opencollective",
        "url": "https://opencollective.com/postcss/"
      }
    },
    "node_modules/react": {
      "version": "18.2.0",
      "resolved": "https://registry.npmjs.org/react/-/react-18.2.0.tgz",
      "integrity": "sha512-/3IjMdb2L9QbBdiyLUwBvkquYDAcqhtTllBb2Tzp5NUQLM7GsgGAO9s3UGcSVaMCPfZS+ADrg3GuJowrdlOcnw==",
      "dependencies": {
        "loose-envify": "^1.1.0"
      },
      "engines": {
        "node": ">=0.10.0"
      }
    },
    "node_modules/react-dom": {
      "version": "18.2.0",
      "resolved": "https://registry.npmjs.org/react-dom/-/react-dom-18.2.0.tgz",
      "integrity": "sha512-6IMs9dvthGTrHeL5Vgt24k2i2d/O9tCgVEeC13M9TSH/QIKLOHR7fNo9ljMY8XGDj+K5wLwQe7M22ssZ3n4HNA==",
      "dependencies": {
        "loose-envify": "^1.1.0",
        "scheduler": "^0.23.0"
      },
      "peerDependencies": {
        "react": "^18.2.0"
      }
    },
    "node_modules/react-is": {
      "version": "16.13.1",
      "resolved": "https://registry.npmjs.org/react-is/-/react-is-16.13.1.tgz",
      "integrity": "sha512-24e6ynE2H+OKt4kqsOvNd8kBpV65zoxbA4BVsEOB3ARVWQki/DHzaUoC5KuON/BiccDaCCTZBuOcfZs70kR8bQ=="
    },
    "node_modules/react-router": {
      "version": "6.23.0",
      "resolved": "https://registry.npmjs.org/react-router/-/react-router-6.23.0.tgz",
      "integrity": "sha512-IuhD19qT2gvwV6Omjky0I6RN2A/QpWnHX/b1j/z/VpGf1BPyz4Lg942P7d242T2K3fB0M67b4AYXk8xYmP+Xg==",
      "dependencies": {
        "@remix-run/router": "1.15.3"
      },
      "engines": {
        "node": ">=14.0.0"
      },
      "peerDependencies": {
        "react": ">=16.8"
      }
    },
    "node_modules/react-router-dom": {
      "version": "6.23.0",
      "resolved": "https://registry.npmjs.org/react-router-dom/-/react-router-dom-6.23.0.tgz",
      "integrity": "sha512-iCS3iB/2szyB2QyB+tozJmN+eU4fCz+N+hVnExqdlr5fysBUnGA0k/Yn2qVbXp6AnVEVpMKv2dLDY2QO1yjpvQ==",
      "dependencies": {
        "@remix-run/router": "1.15.3",
        "react-router": "6.23.0"
      },
      "engines": {
        "node": ">=14.0.0"
      },
      "peerDependencies": {
        "react": ">=16.8",
        "react-dom": ">=16.8"
      }
    },
    "node_modules/recharts": {
      "version": "2.12.7",
      "resolved": "https://registry.npmjs.org/recharts/-/recharts-2.12.7.tgz",
      "integrity": "sha512-Nl4QfhZ9y+gwgY+2S7sB3xtxQG3MCEz/V53iS+kQW4yPZJdXKSsJ1SKJVBXnC9Asi3q/zKxGzADm2yqXU1aXPA==",
      "dependencies": {
        "@babel/runtime": "^7.15.4",
        "@types/prop-types": "^15.7.12",
        "d3-scale": "^4.0.2",
        "d3-shape": "^3.1.0",
        "tiny-invariant": "^1.2.0"
      },
      "peerDependencies": {
        "react": ">=16.0.0",
        "react-dom": ">=16.0.0"
      }
    },
    "node_modules/regenerator-runtime": {
      "version": "0.14.1",
      "resolved": "https://registry.npmjs.org/regenerator-runtime/-/regenerator-runtime-0.14.1.tgz",
      "integrity": "sha512-dYnhHh0nJoMfnkZs6GmmhFknAGRrLznOu5nc9ML+EJxGvrx6H7teuevqVqCuPcPK//3eDrrjQhehXVx9cnkGdw=="
    },
    "node_modules/resolve.exports": {
      "version": "2.0.2",
      "resolved": "https://registry.npmjs.org/resolve.exports/-/resolve.exports-2.0.2.tgz",
      "integrity": "sha512-Xw+DUA4AkacPo1GsfKBZ5fntXk2c8KBRgBB81x+IodaY2TsqC2BvG9zzh/EVs8hS/dVEyIZ/ySQY5T0ni2axPg==",
      "dev": true,
      "engines": {
        "node": ">=10"
      }
    },
    "node_modules/rollup": {
      "version": "4.18.0",
      "resolved": "https://registry.npmjs.org/rollup/-/rollup-4.18.0.tgz",
      "integrity": "sha512-2y2QWTpyK5xL/tDINCyC56iJ4pIZ+bVe8/1rHE8Xo0R+b4iYv4QeQxLw3eApUfGZkZzQYx3fC/+tIu7sIvEGA==",
      "dev": true,
      "bin": {
        "rollup": "dist/bin/rollup"
      },
      "engines": {
        "node": ">=18.0.0",
        "npm": ">=8.0.0"
      },
      "optionalDependencies": {
        "fsevents": "~2.3.2"
      }
    },
    "node_modules/sax": {
      "version": "1.2.4",
      "resolved": "https://registry.npmjs.org/sax/-/sax-1.2.4.tgz",
      "integrity": "sha512-NqVDv9TpANUjFm0N8uM5GxL36tForNPOob3iY2evSAW6ClOF5ih4+FHDz7Px790rxtU0MflJeUHyApdbENDS4w=="
    },
    "node_modules/scheduler": {
      "version": "0.23.0",
      "resolved": "https://registry.npmjs.org/scheduler/-/scheduler-0.23.0.tgz",
      "integrity": "sha512-CtuThmgHNg7zIZB/Fun/IWU2zuv+X2+Gr+2FotAweJcXvPy+wMStVAFTSaexp7H2rZMayCnenCuh0k4oxK5a/g==",
      "dependencies": {
        "loose-envify": "^1.1.0"
      }
    },
    "node_modules/source-map-js": {
      "version": "1.2.0",
      "resolved": "https://registry.npmjs.org/source-map-js/-/source-map-js-1.2.0.tgz",
      "integrity": "sha512-itJW8lvSA0imC19i1Vhe/s4lPFv+mYyC78tr2T0a3n36UjLo4M2/v4Jd0t23adUrTDDy2GvR10+5E0i9gGv4RA==",
      "dev": true,
      "engines": {
        "node": ">=0.10.0"
      }
    },
    "node_modules/tiny-invariant": {
      "version": "1.3.3",
      "resolved": "https://registry.npmjs.org/tiny-invariant/-/tiny-invariant-1.3.3.tgz",
      "integrity": "sha512-TENonssS2Iu41LGXaE+c2uA2r1CPl4zS5yTnuP304k25k5Tj22w+kQ9sA7bZtXeVw3xO+aAM2PtwY1E+TSU/g=="
    },
    "node_modules/typescript": {
      "version": "5.2.2",
      "resolved": "https://registry.npmjs.org/typescript/-/typescript-5.2.2.tgz",
      "integrity": "sha512-mI4WrpHsbCIcwT9cF4FvrNgSsscfzpnhgjxYxM97TfGDbrhAEUOMaLAEltSBBJH2bOMZFxkClMHEr+NJ3clH5g==",
      "dev": true,
      "bin": {
        "tsc": "bin/tsc",
        "tsserver": "bin/tsserver"
      },
      "engines": {
        "node": ">=14.17"
      }
    },
    "node_modules/undici-types": {
      "version": "5.26.5",
      "resolved": "https://registry.npmjs.org/undici-types/-/undici-types-5.26.5.tgz",
      "integrity": "sha512-gjSQKz7gXpfuMQxfsbGU+ssM+99vZV6vss6tH5LzYNpU65EkGOVIMAWu+fVpWBinKMo2soPS7b6/vCgPNnP2Mw==",
      "dev": true
    },
    "node_modules/vite": {
      "version": "5.2.0",
      "resolved": "https://registry.npmjs.org/vite/-/vite-5.2.0.tgz",
      "integrity": "sha512-VCHaWwfG5eOfvIX2Aayk8xTq06s6hliB2qTjHcR9n4AnP1OMo4e2R+SWAk5C5aJ++pWn911axlEflvB2S/Y89w==",
      "dev": true,
      "dependencies": {
        "es-module-lexer": "^1.4.1",
        "postcss": "^8.4.35",
        "resolve.exports": "^2.0.2",
        "rollup": "^4.12.0"
      },
      "bin": {
        "vite": "bin/vite.js"
      },
      "engines": {
        "node": ">=18.0.0"
      },
      "funding": {
        "url": "https://github.com/sponsors/yyx990803"
      },
      "optionalDependencies": {
        "fsevents": "~2.3.2"
      },
      "peerDependencies": {
        "@types/node": ">=18.0.0",
        "less": "*",
        "lightningcss": ">=1.21.0",
        "sass": "*",
        "stylus": "*",
        "sugarss": "*",
        "terser": ">=5.4.0"
      },
      "peerDependenciesMeta": {
        "@types/node": {
          "optional": true
        },
        "less": {
          "optional": true
        },
        "lightningcss": {
          "optional": true
        },
        "sass": {
          "optional": true
        },
        "stylus": {
          "optional": true
        },
        "sugarss": {
          "optional": true
        },
        "terser": {
          "optional": true
        }
      }
    }
  }
}
